// !$*UTF8*$!
{
	archiveVersion = 1;
	classes = {
	};
	objectVersion = 77;
	objects = {

/* Begin PBXContainerItemProxy section */
		A391F8A32CB229C1003E960E /* PBXContainerItemProxy */ = {
			isa = PBXContainerItemProxy;
			containerPortal = A391F8842CB229C0003E960E /* Project object */;
			proxyType = 1;
			remoteGlobalIDString = A391F88B2CB229C0003E960E;
			remoteInfo = "Listen! Animal Sing";
		};
		A391F8AD2CB229C1003E960E /* PBXContainerItemProxy */ = {
			isa = PBXContainerItemProxy;
			containerPortal = A391F8842CB229C0003E960E /* Project object */;
			proxyType = 1;
			remoteGlobalIDString = A391F88B2CB229C0003E960E;
			remoteInfo = "Listen! Animal Sing";
		};
/* End PBXContainerItemProxy section */

/* Begin PBXFileReference section */
		A391F88C2CB229C0003E960E /* Listen! Animal Sing.app */ = {isa = PBXFileReference; explicitFileType = wrapper.application; includeInIndex = 0; path = "Listen! Animal Sing.app"; sourceTree = BUILT_PRODUCTS_DIR; };
		A391F8A22CB229C1003E960E /* Listen! Animal SingTests.xctest */ = {isa = PBXFileReference; explicitFileType = wrapper.cfbundle; includeInIndex = 0; path = "Listen! Animal SingTests.xctest"; sourceTree = BUILT_PRODUCTS_DIR; };
		A391F8AC2CB229C1003E960E /* Listen! Animal SingUITests.xctest */ = {isa = PBXFileReference; explicitFileType = wrapper.cfbundle; includeInIndex = 0; path = "Listen! Animal SingUITests.xctest"; sourceTree = BUILT_PRODUCTS_DIR; };
/* End PBXFileReference section */

/* Begin PBXFileSystemSynchronizedBuildFileExceptionSet section */
		A391F8B42CB229C1003E960E /* Exceptions for "Listen! Animal Sing" folder in "Listen! Animal Sing" target */ = {
			isa = PBXFileSystemSynchronizedBuildFileExceptionSet;
			membershipExceptions = (
				Info.plist,
			);
			target = A391F88B2CB229C0003E960E /* Listen! Animal Sing */;
		};
/* End PBXFileSystemSynchronizedBuildFileExceptionSet section */

/* Begin PBXFileSystemSynchronizedRootGroup section */
		A391F88E2CB229C0003E960E /* Listen! Animal Sing */ = {
			isa = PBXFileSystemSynchronizedRootGroup;
			exceptions = (
				A391F8B42CB229C1003E960E /* Exceptions for "Listen! Animal Sing" folder in "Listen! Animal Sing" target */,
			);
			path = "Listen! Animal Sing";
			sourceTree = "<group>";
		};
		A391F8A52CB229C1003E960E /* Listen! Animal SingTests */ = {
			isa = PBXFileSystemSynchronizedRootGroup;
			path = "Listen! Animal SingTests";
			sourceTree = "<group>";
		};
		A391F8AF2CB229C1003E960E /* Listen! Animal SingUITests */ = {
			isa = PBXFileSystemSynchronizedRootGroup;
			path = "Listen! Animal SingUITests";
			sourceTree = "<group>";
		};
/* End PBXFileSystemSynchronizedRootGroup section */

/* Begin PBXFrameworksBuildPhase section */
		A391F8892CB229C0003E960E /* Frameworks */ = {
			isa = PBXFrameworksBuildPhase;
			buildActionMask = 2147483647;
			files = (
			);
			runOnlyForDeploymentPostprocessing = 0;
		};
		A391F89F2CB229C1003E960E /* Frameworks */ = {
			isa = PBXFrameworksBuildPhase;
			buildActionMask = 2147483647;
			files = (
			);
			runOnlyForDeploymentPostprocessing = 0;
		};
		A391F8A92CB229C1003E960E /* Frameworks */ = {
			isa = PBXFrameworksBuildPhase;
			buildActionMask = 2147483647;
			files = (
			);
			runOnlyForDeploymentPostprocessing = 0;
		};
/* End PBXFrameworksBuildPhase section */

/* Begin PBXGroup section */
		A391F8832CB229C0003E960E = {
			isa = PBXGroup;
			children = (
				A391F88E2CB229C0003E960E /* Listen! Animal Sing */,
				A391F8A52CB229C1003E960E /* Listen! Animal SingTests */,
				A391F8AF2CB229C1003E960E /* Listen! Animal SingUITests */,
				A391F88D2CB229C0003E960E /* Products */,
			);
			sourceTree = "<group>";
		};
		A391F88D2CB229C0003E960E /* Products */ = {
			isa = PBXGroup;
			children = (
				A391F88C2CB229C0003E960E /* Listen! Animal Sing.app */,
				A391F8A22CB229C1003E960E /* Listen! Animal SingTests.xctest */,
				A391F8AC2CB229C1003E960E /* Listen! Animal SingUITests.xctest */,
			);
			name = Products;
			sourceTree = "<group>";
		};
/* End PBXGroup section */

/* Begin PBXNativeTarget section */
		A391F88B2CB229C0003E960E /* Listen! Animal Sing */ = {
			isa = PBXNativeTarget;
			buildConfigurationList = A391F8B52CB229C1003E960E /* Build configuration list for PBXNativeTarget "Listen! Animal Sing" */;
			buildPhases = (
				A391F8882CB229C0003E960E /* Sources */,
				A391F8892CB229C0003E960E /* Frameworks */,
				A391F88A2CB229C0003E960E /* Resources */,
			);
			buildRules = (
			);
			dependencies = (
			);
			fileSystemSynchronizedGroups = (
				A391F88E2CB229C0003E960E /* Listen! Animal Sing */,
			);
			name = "Listen! Animal Sing";
			packageProductDependencies = (
			);
			productName = "Listen! Animal Sing";
			productReference = A391F88C2CB229C0003E960E /* Listen! Animal Sing.app */;
			productType = "com.apple.product-type.application";
		};
		A391F8A12CB229C1003E960E /* Listen! Animal SingTests */ = {
			isa = PBXNativeTarget;
			buildConfigurationList = A391F8BA2CB229C1003E960E /* Build configuration list for PBXNativeTarget "Listen! Animal SingTests" */;
			buildPhases = (
				A391F89E2CB229C1003E960E /* Sources */,
				A391F89F2CB229C1003E960E /* Frameworks */,
				A391F8A02CB229C1003E960E /* Resources */,
			);
			buildRules = (
			);
			dependencies = (
				A391F8A42CB229C1003E960E /* PBXTargetDependency */,
			);
			fileSystemSynchronizedGroups = (
				A391F8A52CB229C1003E960E /* Listen! Animal SingTests */,
			);
			name = "Listen! Animal SingTests";
			packageProductDependencies = (
			);
			productName = "Listen! Animal SingTests";
			productReference = A391F8A22CB229C1003E960E /* Listen! Animal SingTests.xctest */;
			productType = "com.apple.product-type.bundle.unit-test";
		};
		A391F8AB2CB229C1003E960E /* Listen! Animal SingUITests */ = {
			isa = PBXNativeTarget;
			buildConfigurationList = A391F8BD2CB229C1003E960E /* Build configuration list for PBXNativeTarget "Listen! Animal SingUITests" */;
			buildPhases = (
				A391F8A82CB229C1003E960E /* Sources */,
				A391F8A92CB229C1003E960E /* Frameworks */,
				A391F8AA2CB229C1003E960E /* Resources */,
			);
			buildRules = (
			);
			dependencies = (
				A391F8AE2CB229C1003E960E /* PBXTargetDependency */,
			);
			fileSystemSynchronizedGroups = (
				A391F8AF2CB229C1003E960E /* Listen! Animal SingUITests */,
			);
			name = "Listen! Animal SingUITests";
			packageProductDependencies = (
			);
			productName = "Listen! Animal SingUITests";
			productReference = A391F8AC2CB229C1003E960E /* Listen! Animal SingUITests.xctest */;
			productType = "com.apple.product-type.bundle.ui-testing";
		};
/* End PBXNativeTarget section */

/* Begin PBXProject section */
		A391F8842CB229C0003E960E /* Project object */ = {
			isa = PBXProject;
			attributes = {
				BuildIndependentTargetsInParallel = 1;
				LastSwiftUpdateCheck = 1600;
				LastUpgradeCheck = 1600;
				TargetAttributes = {
					A391F88B2CB229C0003E960E = {
						CreatedOnToolsVersion = 16.0;
					};
					A391F8A12CB229C1003E960E = {
						CreatedOnToolsVersion = 16.0;
						TestTargetID = A391F88B2CB229C0003E960E;
					};
					A391F8AB2CB229C1003E960E = {
						CreatedOnToolsVersion = 16.0;
						TestTargetID = A391F88B2CB229C0003E960E;
					};
				};
			};
			buildConfigurationList = A391F8872CB229C0003E960E /* Build configuration list for PBXProject "Listen! Animal Sing" */;
			developmentRegion = en;
			hasScannedForEncodings = 0;
			knownRegions = (
				en,
				Base,
			);
			mainGroup = A391F8832CB229C0003E960E;
			minimizedProjectReferenceProxies = 1;
			preferredProjectObjectVersion = 77;
			productRefGroup = A391F88D2CB229C0003E960E /* Products */;
			projectDirPath = "";
			projectRoot = "";
			targets = (
				A391F88B2CB229C0003E960E /* Listen! Animal Sing */,
				A391F8A12CB229C1003E960E /* Listen! Animal SingTests */,
				A391F8AB2CB229C1003E960E /* Listen! Animal SingUITests */,
			);
		};
/* End PBXProject section */

/* Begin PBXResourcesBuildPhase section */
		A391F88A2CB229C0003E960E /* Resources */ = {
			isa = PBXResourcesBuildPhase;
			buildActionMask = 2147483647;
			files = (
			);
			runOnlyForDeploymentPostprocessing = 0;
		};
		A391F8A02CB229C1003E960E /* Resources */ = {
			isa = PBXResourcesBuildPhase;
			buildActionMask = 2147483647;
			files = (
			);
			runOnlyForDeploymentPostprocessing = 0;
		};
		A391F8AA2CB229C1003E960E /* Resources */ = {
			isa = PBXResourcesBuildPhase;
			buildActionMask = 2147483647;
			files = (
			);
			runOnlyForDeploymentPostprocessing = 0;
		};
/* End PBXResourcesBuildPhase section */

/* Begin PBXSourcesBuildPhase section */
		A391F8882CB229C0003E960E /* Sources */ = {
			isa = PBXSourcesBuildPhase;
			buildActionMask = 2147483647;
			files = (
			);
			runOnlyForDeploymentPostprocessing = 0;
		};
		A391F89E2CB229C1003E960E /* Sources */ = {
			isa = PBXSourcesBuildPhase;
			buildActionMask = 2147483647;
			files = (
			);
			runOnlyForDeploymentPostprocessing = 0;
		};
		A391F8A82CB229C1003E960E /* Sources */ = {
			isa = PBXSourcesBuildPhase;
			buildActionMask = 2147483647;
			files = (
			);
			runOnlyForDeploymentPostprocessing = 0;
		};
/* End PBXSourcesBuildPhase section */

/* Begin PBXTargetDependency section */
		A391F8A42CB229C1003E960E /* PBXTargetDependency */ = {
			isa = PBXTargetDependency;
			target = A391F88B2CB229C0003E960E /* Listen! Animal Sing */;
			targetProxy = A391F8A32CB229C1003E960E /* PBXContainerItemProxy */;
		};
		A391F8AE2CB229C1003E960E /* PBXTargetDependency */ = {
			isa = PBXTargetDependency;
			target = A391F88B2CB229C0003E960E /* Listen! Animal Sing */;
			targetProxy = A391F8AD2CB229C1003E960E /* PBXContainerItemProxy */;
		};
/* End PBXTargetDependency section */

/* Begin XCBuildConfiguration section */
		A391F8B62CB229C1003E960E /* Debug */ = {
			isa = XCBuildConfiguration;
			buildSettings = {
				ASSETCATALOG_COMPILER_APPICON_NAME = AppIcon;
				ASSETCATALOG_COMPILER_GLOBAL_ACCENT_COLOR_NAME = AccentColor;
				CODE_SIGN_STYLE = Automatic;
				CURRENT_PROJECT_VERSION = 1;
				DEVELOPMENT_TEAM = 7WFK3U35V6;
				GENERATE_INFOPLIST_FILE = YES;
				INFOPLIST_FILE = "Listen! Animal Sing/Info.plist";
				INFOPLIST_KEY_UIApplicationSupportsIndirectInputEvents = YES;
				INFOPLIST_KEY_UILaunchStoryboardName = LaunchScreen;
				INFOPLIST_KEY_UIMainStoryboardFile = Main;
				INFOPLIST_KEY_UISupportedInterfaceOrientations_iPad = "UIInterfaceOrientationPortrait UIInterfaceOrientationPortraitUpsideDown UIInterfaceOrientationLandscapeLeft UIInterfaceOrientationLandscapeRight";
				INFOPLIST_KEY_UISupportedInterfaceOrientations_iPhone = "UIInterfaceOrientationPortrait UIInterfaceOrientationLandscapeLeft UIInterfaceOrientationLandscapeRight";
				LD_RUNPATH_SEARCH_PATHS = (
					"$(inherited)",
					"@executable_path/Frameworks",
				);
				MARKETING_VERSION = 1.0;
				PRODUCT_BUNDLE_IDENTIFIER = "niki.Listen--Animal-Sing";
				PRODUCT_NAME = "$(TARGET_NAME)";
				SWIFT_EMIT_LOC_STRINGS = YES;
				SWIFT_VERSION = 5.0;
				TARGETED_DEVICE_FAMILY = "1,2";
			};
			name = Debug;
		};
		A391F8B72CB229C1003E960E /* Release */ = {
			isa = XCBuildConfiguration;
			buildSettings = {
				ASSETCATALOG_COMPILER_APPICON_NAME = AppIcon;
				ASSETCATALOG_COMPILER_GLOBAL_ACCENT_COLOR_NAME = AccentColor;
				CODE_SIGN_STYLE = Automatic;
				CURRENT_PROJECT_VERSION = 1;
				DEVELOPMENT_TEAM = 7WFK3U35V6;
				GENERATE_INFOPLIST_FILE = YES;
				INFOPLIST_FILE = "Listen! Animal Sing/Info.plist";
				INFOPLIST_KEY_UIApplicationSupportsIndirectInputEvents = YES;
				INFOPLIST_KEY_UILaunchStoryboardName = LaunchScreen;
				INFOPLIST_KEY_UIMainStoryboardFile = Main;
				INFOPLIST_KEY_UISupportedInterfaceOrientations_iPad = "UIInterfaceOrientationPortrait UIInterfaceOrientationPortraitUpsideDown UIInterfaceOrientationLandscapeLeft UIInterfaceOrientationLandscapeRight";
				INFOPLIST_KEY_UISupportedInterfaceOrientations_iPhone = "UIInterfaceOrientationPortrait UIInterfaceOrientationLandscapeLeft UIInterfaceOrientationLandscapeRight";
				LD_RUNPATH_SEARCH_PATHS = (
					"$(inherited)",
					"@executable_path/Frameworks",
				);
				MARKETING_VERSION = 1.0;
				PRODUCT_BUNDLE_IDENTIFIER = "niki.Listen--Animal-Sing";
				PRODUCT_NAME = "$(TARGET_NAME)";
				SWIFT_EMIT_LOC_STRINGS = YES;
				SWIFT_VERSION = 5.0;
				TARGETED_DEVICE_FAMILY = "1,2";
			};
			name = Release;
		};
		A391F8B82CB229C1003E960E /* Debug */ = {
			isa = XCBuildConfiguration;
			buildSettings = {
				ALWAYS_SEARCH_USER_PATHS = NO;
				ASSETCATALOG_COMPILER_GENERATE_SWIFT_ASSET_SYMBOL_EXTENSIONS = YES;
				CLANG_ANALYZER_NONNULL = YES;
				CLANG_ANALYZER_NUMBER_OBJECT_CONVERSION = YES_AGGRESSIVE;
				CLANG_CXX_LANGUAGE_STANDARD = "gnu++20";
				CLANG_ENABLE_MODULES = YES;
				CLANG_ENABLE_OBJC_ARC = YES;
				CLANG_ENABLE_OBJC_WEAK = YES;
				CLANG_WARN_BLOCK_CAPTURE_AUTORELEASING = YES;
				CLANG_WARN_BOOL_CONVERSION = YES;
				CLANG_WARN_COMMA = YES;
				CLANG_WARN_CONSTANT_CONVERSION = YES;
				CLANG_WARN_DEPRECATED_OBJC_IMPLEMENTATIONS = YES;
				CLANG_WARN_DIRECT_OBJC_ISA_USAGE = YES_ERROR;
				CLANG_WARN_DOCUMENTATION_COMMENTS = YES;
				CLANG_WARN_EMPTY_BODY = YES;
				CLANG_WARN_ENUM_CONVERSION = YES;
				CLANG_WARN_INFINITE_RECURSION = YES;
				CLANG_WARN_INT_CONVERSION = YES;
				CLANG_WARN_NON_LITERAL_NULL_CONVERSION = YES;
				CLANG_WARN_OBJC_IMPLICIT_RETAIN_SELF = YES;
				CLANG_WARN_OBJC_LITERAL_CONVERSION = YES;
				CLANG_WARN_OBJC_ROOT_CLASS = YES_ERROR;
				CLANG_WARN_QUOTED_INCLUDE_IN_FRAMEWORK_HEADER = YES;
				CLANG_WARN_RANGE_LOOP_ANALYSIS = YES;
				CLANG_WARN_STRICT_PROTOTYPES = YES;
				CLANG_WARN_SUSPICIOUS_MOVE = YES;
				CLANG_WARN_UNGUARDED_AVAILABILITY = YES_AGGRESSIVE;
				CLANG_WARN_UNREACHABLE_CODE = YES;
				CLANG_WARN__DUPLICATE_METHOD_MATCH = YES;
				COPY_PHASE_STRIP = NO;
				DEBUG_INFORMATION_FORMAT = dwarf;
				ENABLE_STRICT_OBJC_MSGSEND = YES;
				ENABLE_TESTABILITY = YES;
				ENABLE_USER_SCRIPT_SANDBOXING = YES;
				GCC_C_LANGUAGE_STANDARD = gnu17;
				GCC_DYNAMIC_NO_PIC = NO;
				GCC_NO_COMMON_BLOCKS = YES;
				GCC_OPTIMIZATION_LEVEL = 0;
				GCC_PREPROCESSOR_DEFINITIONS = (
					"DEBUG=1",
					"$(inherited)",
				);
				GCC_WARN_64_TO_32_BIT_CONVERSION = YES;
				GCC_WARN_ABOUT_RETURN_TYPE = YES_ERROR;
				GCC_WARN_UNDECLARED_SELECTOR = YES;
				GCC_WARN_UNINITIALIZED_AUTOS = YES_AGGRESSIVE;
				GCC_WARN_UNUSED_FUNCTION = YES;
				GCC_WARN_UNUSED_VARIABLE = YES;
				IPHONEOS_DEPLOYMENT_TARGET = 18.0;
				LOCALIZATION_PREFERS_STRING_CATALOGS = YES;
				MTL_ENABLE_DEBUG_INFO = INCLUDE_SOURCE;
				MTL_FAST_MATH = YES;
				ONLY_ACTIVE_ARCH = YES;
				SDKROOT = iphoneos;
				SWIFT_ACTIVE_COMPILATION_CONDITIONS = "DEBUG $(inherited)";
				SWIFT_OPTIMIZATION_LEVEL = "-Onone";
			};
			name = Debug;
		};
		A391F8B92CB229C1003E960E /* Release */ = {
			isa = XCBuildConfiguration;
			buildSettings = {
				ALWAYS_SEARCH_USER_PATHS = NO;
				ASSETCATALOG_COMPILER_GENERATE_SWIFT_ASSET_SYMBOL_EXTENSIONS = YES;
				CLANG_ANALYZER_NONNULL = YES;
				CLANG_ANALYZER_NUMBER_OBJECT_CONVERSION = YES_AGGRESSIVE;
				CLANG_CXX_LANGUAGE_STANDARD = "gnu++20";
				CLANG_ENABLE_MODULES = YES;
				CLANG_ENABLE_OBJC_ARC = YES;
				CLANG_ENABLE_OBJC_WEAK = YES;
				CLANG_WARN_BLOCK_CAPTURE_AUTORELEASING = YES;
				CLANG_WARN_BOOL_CONVERSION = YES;
				CLANG_WARN_COMMA = YES;
				CLANG_WARN_CONSTANT_CONVERSION = YES;
				CLANG_WARN_DEPRECATED_OBJC_IMPLEMENTATIONS = YES;
				CLANG_WARN_DIRECT_OBJC_ISA_USAGE = YES_ERROR;
				CLANG_WARN_DOCUMENTATION_COMMENTS = YES;
				CLANG_WARN_EMPTY_BODY = YES;
				CLANG_WARN_ENUM_CONVERSION = YES;
				CLANG_WARN_INFINITE_RECURSION = YES;
				CLANG_WARN_INT_CONVERSION = YES;
				CLANG_WARN_NON_LITERAL_NULL_CONVERSION = YES;
				CLANG_WARN_OBJC_IMPLICIT_RETAIN_SELF = YES;
				CLANG_WARN_OBJC_LITERAL_CONVERSION = YES;
				CLANG_WARN_OBJC_ROOT_CLASS = YES_ERROR;
				CLANG_WARN_QUOTED_INCLUDE_IN_FRAMEWORK_HEADER = YES;
				CLANG_WARN_RANGE_LOOP_ANALYSIS = YES;
				CLANG_WARN_STRICT_PROTOTYPES = YES;
				CLANG_WARN_SUSPICIOUS_MOVE = YES;
				CLANG_WARN_UNGUARDED_AVAILABILITY = YES_AGGRESSIVE;
				CLANG_WARN_UNREACHABLE_CODE = YES;
				CLANG_WARN__DUPLICATE_METHOD_MATCH = YES;
				COPY_PHASE_STRIP = NO;
				DEBUG_INFORMATION_FORMAT = "dwarf-with-dsym";
				ENABLE_NS_ASSERTIONS = NO;
				ENABLE_STRICT_OBJC_MSGSEND = YES;
				ENABLE_USER_SCRIPT_SANDBOXING = YES;
				GCC_C_LANGUAGE_STANDARD = gnu17;
				GCC_NO_COMMON_BLOCKS = YES;
				GCC_WARN_64_TO_32_BIT_CONVERSION = YES;
				GCC_WARN_ABOUT_RETURN_TYPE = YES_ERROR;
				GCC_WARN_UNDECLARED_SELECTOR = YES;
				GCC_WARN_UNINITIALIZED_AUTOS = YES_AGGRESSIVE;
				GCC_WARN_UNUSED_FUNCTION = YES;
				GCC_WARN_UNUSED_VARIABLE = YES;
				IPHONEOS_DEPLOYMENT_TARGET = 18.0;
				LOCALIZATION_PREFERS_STRING_CATALOGS = YES;
				MTL_ENABLE_DEBUG_INFO = NO;
				MTL_FAST_MATH = YES;
				SDKROOT = iphoneos;
				SWIFT_COMPILATION_MODE = wholemodule;
				VALIDATE_PRODUCT = YES;
			};
			name = Release;
		};
		A391F8BB2CB229C1003E960E /* Debug */ = {
			isa = XCBuildConfiguration;
			buildSettings = {
				BUNDLE_LOADER = "$(TEST_HOST)";
				CODE_SIGN_STYLE = Automatic;
				CURRENT_PROJECT_VERSION = 1;
				DEVELOPMENT_TEAM = 7WFK3U35V6;
				GENERATE_INFOPLIST_FILE = YES;
				IPHONEOS_DEPLOYMENT_TARGET = 18.0;
				MARKETING_VERSION = 1.0;
				PRODUCT_BUNDLE_IDENTIFIER = "niki.Listen--Animal-SingTests";
				PRODUCT_NAME = "$(TARGET_NAME)";
				SWIFT_EMIT_LOC_STRINGS = NO;
				SWIFT_VERSION = 5.0;
				TARGETED_DEVICE_FAMILY = "1,2";
				TEST_HOST = "$(BUILT_PRODUCTS_DIR)/Listen! Animal Sing.app/$(BUNDLE_EXECUTABLE_FOLDER_PATH)/Listen! Animal Sing";
			};
			name = Debug;
		};
		A391F8BC2CB229C1003E960E /* Release */ = {
			isa = XCBuildConfiguration;
			buildSettings = {
				BUNDLE_LOADER = "$(TEST_HOST)";
				CODE_SIGN_STYLE = Automatic;
				CURRENT_PROJECT_VERSION = 1;
				DEVELOPMENT_TEAM = 7WFK3U35V6;
				GENERATE_INFOPLIST_FILE = YES;
				IPHONEOS_DEPLOYMENT_TARGET = 18.0;
				MARKETING_VERSION = 1.0;
				PRODUCT_BUNDLE_IDENTIFIER = "niki.Listen--Animal-SingTests";
				PRODUCT_NAME = "$(TARGET_NAME)";
				SWIFT_EMIT_LOC_STRINGS = NO;
				SWIFT_VERSION = 5.0;
				TARGETED_DEVICE_FAMILY = "1,2";
				TEST_HOST = "$(BUILT_PRODUCTS_DIR)/Listen! Animal Sing.app/$(BUNDLE_EXECUTABLE_FOLDER_PATH)/Listen! Animal Sing";
			};
			name = Release;
		};
		A391F8BE2CB229C1003E960E /* Debug */ = {
			isa = XCBuildConfiguration;
			buildSettings = {
				CODE_SIGN_STYLE = Automatic;
				CURRENT_PROJECT_VERSION = 1;
				DEVELOPMENT_TEAM = 7WFK3U35V6;
				GENERATE_INFOPLIST_FILE = YES;
				MARKETING_VERSION = 1.0;
				PRODUCT_BUNDLE_IDENTIFIER = "niki.Listen--Animal-SingUITests";
				PRODUCT_NAME = "$(TARGET_NAME)";
				SWIFT_EMIT_LOC_STRINGS = NO;
				SWIFT_VERSION = 5.0;
				TARGETED_DEVICE_FAMILY = "1,2";
				TEST_TARGET_NAME = "Listen! Animal Sing";
			};
			name = Debug;
		};
		A391F8BF2CB229C1003E960E /* Release */ = {
			isa = XCBuildConfiguration;
			buildSettings = {
				CODE_SIGN_STYLE = Automatic;
				CURRENT_PROJECT_VERSION = 1;
				DEVELOPMENT_TEAM = 7WFK3U35V6;
				GENERATE_INFOPLIST_FILE = YES;
				MARKETING_VERSION = 1.0;
				PRODUCT_BUNDLE_IDENTIFIER = "niki.Listen--Animal-SingUITests";
				PRODUCT_NAME = "$(TARGET_NAME)";
				SWIFT_EMIT_LOC_STRINGS = NO;
				SWIFT_VERSION = 5.0;
				TARGETED_DEVICE_FAMILY = "1,2";
				TEST_TARGET_NAME = "Listen! Animal Sing";
			};
			name = Release;
		};
/* End XCBuildConfiguration section */

/* Begin XCConfigurationList section */
		A391F8872CB229C0003E960E /* Build configuration list for PBXProject "Listen! Animal Sing" */ = {
			isa = XCConfigurationList;
			buildConfigurations = (
				A391F8B82CB229C1003E960E /* Debug */,
				A391F8B92CB229C1003E960E /* Release */,
			);
			defaultConfigurationIsVisible = 0;
			defaultConfigurationName = Release;
		};
		A391F8B52CB229C1003E960E /* Build configuration list for PBXNativeTarget "Listen! Animal Sing" */ = {
			isa = XCConfigurationList;
			buildConfigurations = (
				A391F8B62CB229C1003E960E /* Debug */,
				A391F8B72CB229C1003E960E /* Release */,
			);
			defaultConfigurationIsVisible = 0;
			defaultConfigurationName = Release;
		};
		A391F8BA2CB229C1003E960E /* Build configuration list for PBXNativeTarget "Listen! Animal SingTests" */ = {
			isa = XCConfigurationList;
			buildConfigurations = (
				A391F8BB2CB229C1003E960E /* Debug */,
				A391F8BC2CB229C1003E960E /* Release */,
			);
			defaultConfigurationIsVisible = 0;
			defaultConfigurationName = Release;
		};
		A391F8BD2CB229C1003E960E /* Build configuration list for PBXNativeTarget "Listen! Animal SingUITests" */ = {
			isa = XCConfigurationList;
			buildConfigurations = (
				A391F8BE2CB229C1003E960E /* Debug */,
				A391F8BF2CB229C1003E960E /* Release */,
			);
			defaultConfigurationIsVisible = 0;
			defaultConfigurationName = Release;
		};
/* End XCConfigurationList section */
	};
	rootObject = A391F8842CB229C0003E960E /* Project object */;
}
